{
	"name": "@nativescript-community/template-snippet",
	"version": "0.0.1",
	"lockfileVersion": 2,
	"requires": true,
	"packages": {
		"": {
			"name": "@nativescript-community/template-snippet",
			"version": "0.0.1",
			"dependencies": {
				"@abbieben/checkbox": "file:../packages/checkbox",
				"@abbieben/dropdown": "file:../packages/dropdown",
				"@abbieben/flutterwave": "file:../packages/flutterwave",
				"@abbieben/paypal": "file:../packages/paypal",
				"@abbieben/paystack": "file:../packages/paystack",
				"@abbieben/rich-text": "file:../packages/rich-text",
				"@abbieben/webview-interface": "file:../packages/webview-interface"
			}
		},
		"../packages/checkbox": {
			"version": "3.0.12",
			"license": "Apache-2.0"
		},
		"../packages/dropdown": {
			"version": "3.0.12",
			"license": "Apache-2.0"
		},
		"../packages/flutterwave": {
			"version": "3.0.12",
			"license": "Apache-2.0"
		},
		"../packages/paypal": {
			"version": "3.0.12",
			"license": "Apache-2.0"
		},
		"../packages/paystack": {
			"version": "3.0.12",
			"license": "Apache-2.0",
			"dependencies": {
				"@abbieben/webview-interface": "^3.0.12",
				"@nativescript-community/ui-webview": "~1.4.2",
				"@nativescript-community/ui-webview-rtc": "~1.4.2"
			}
		},
		"../packages/rich-text": {
			"version": "3.0.12",
			"license": "Apache-2.0",
			"dependencies": {
				"@nativescript/theme": "^3.0.2",
				"currency-symbol": "^1.0.6",
				"currency.js": "^2.0.4",
				"imask": "^6.2.2",
				"libphonenumber-js": "^1.9.39",
				"moment": "^2.29.1"
			}
		},
		"../packages/webview-interface": {
			"version": "3.0.12",
			"license": "Apache-2.0"
		},
		"node_modules/@abbieben/checkbox": {
			"resolved": "../packages/checkbox",
			"link": true
		},
		"node_modules/@abbieben/dropdown": {
			"resolved": "../packages/dropdown",
			"link": true
		},
		"node_modules/@abbieben/flutterwave": {
			"resolved": "../packages/flutterwave",
			"link": true
		},
		"node_modules/@abbieben/paypal": {
			"resolved": "../packages/paypal",
			"link": true
		},
		"node_modules/@abbieben/paystack": {
			"resolved": "../packages/paystack",
			"link": true
		},
		"node_modules/@abbieben/rich-text": {
			"resolved": "../packages/rich-text",
			"link": true
		},
		"node_modules/@abbieben/webview-interface": {
			"resolved": "../packages/webview-interface",
			"link": true
		}
	},
	"dependencies": {
		"@abbieben/checkbox": {
			"version": "file:../packages/checkbox"
		},
		"@abbieben/dropdown": {
			"version": "file:../packages/dropdown"
		},
		"@abbieben/flutterwave": {
			"version": "file:../packages/flutterwave"
		},
		"@abbieben/paypal": {
			"version": "file:../packages/paypal"
		},
		"@abbieben/paystack": {
			"version": "file:../packages/paystack",
			"requires": {
				"@abbieben/webview-interface": "^3.0.12",
				"@nativescript-community/ui-webview": "~1.4.2",
				"@nativescript-community/ui-webview-rtc": "~1.4.2"
			}
		},
		"@abbieben/rich-text": {
			"version": "file:../packages/rich-text",
			"requires": {
				"@nativescript/theme": "^3.0.2",
				"currency-symbol": "^1.0.6",
				"currency.js": "^2.0.4",
				"imask": "^6.2.2",
				"libphonenumber-js": "^1.9.39",
				"moment": "^2.29.1"
			}
		},
		"@abbieben/webview-interface": {
			"version": "file:../packages/webview-interface"
		}
	}
}
